# This file is autogenerated, do not edit; changes may be undone by the next 'dep ensure'.


[[projects]]
  branch = "master"
  name = "cloud.google.com/go"
  packages = [
    "bigquery",
    "bigtable",
    "bigtable/internal/gax",
    "bigtable/internal/option",
    "civil",
    "compute/metadata",
    "datastore",
    "iam",
    "internal",
    "internal/atomiccache",
    "internal/fields",
    "internal/optional",
    "internal/trace",
    "internal/version",
    "longrunning",
    "longrunning/autogen",
    "storage"
  ]
  revision = "24c3c3d77a0907226ed74ef8515f8a23544c7dfa"

[[projects]]
  name = "contrib.go.opencensus.io/exporter/stackdriver"
  packages = ["propagation"]
  revision = "37aa2801fbf0205003e15636096ebf0373510288"
  version = "v0.5.0"

[[projects]]
  branch = "master"
  name = "github.com/araddon/dateparse"
  packages = ["."]
  revision = "cfd92a431d0efe36a1b81ca25d15b98aae4dbdb6"

[[projects]]
  branch = "master"
  name = "github.com/araddon/gou"
  packages = ["."]
  revision = "d7d8174cb8b3780a5ca20b99de05665dd17f208b"

[[projects]]
  branch = "master"
  name = "github.com/araddon/qlbridge"
  packages = [
    "datasource",
    "datasource/files",
    "datasource/membtree",
    "datasource/memdb",
    "datasource/mockcsv",
    "datasource/mockcsvtestdata",
    "exec",
    "expr",
    "expr/builtins",
    "lex",
    "plan",
    "rel",
    "schema",
    "testutil",
    "value",
    "vm"
  ]
  revision = "2ed8776740dc55098897c33846e364c251d2fc6a"

[[projects]]
  branch = "master"
  name = "github.com/bitly/go-hostpool"
  packages = ["."]
  revision = "a3a6125de9329587178a9792dc8f4bc98e620d2d"

[[projects]]
  name = "github.com/coreos/etcd"
  packages = [
    "auth/authpb",
    "clientv3",
    "etcdserver/api/v3rpc/rpctypes",
    "etcdserver/etcdserverpb",
    "mvcc/mvccpb",
    "pkg/types"
  ]
  revision = "fca8add78a9d926166eb739b8e4a124434025ba3"
  version = "v3.3.9"

[[projects]]
  name = "github.com/davecgh/go-spew"
  packages = ["spew"]
  revision = "346938d642f2ec3594ed81d874461961cd0faa76"
  version = "v1.1.0"

[[projects]]
  name = "github.com/dchest/siphash"
  packages = ["."]
  revision = "4ebf1de738443ea7f45f02dc394c4df1942a126d"
  version = "v1.1.0"

[[projects]]
  branch = "master"
  name = "github.com/globalsign/mgo"
  packages = [
    ".",
    "bson",
    "internal/json",
    "internal/sasl",
    "internal/scram"
  ]
  revision = "113d3961e7311526535a1ef7042196563d442761"

[[projects]]
  name = "github.com/go-sql-driver/mysql"
  packages = ["."]
  revision = "d523deb1b23d913de5bdada721a6071e71283618"
  version = "v1.4.0"

[[projects]]
  branch = "master"
  name = "github.com/gocql/gocql"
  packages = [
    ".",
    "internal/lru",
    "internal/murmur",
    "internal/streams"
  ]
  revision = "045d8d6abc70b5bd02bb18b8fdb05ee54d8c87aa"

[[projects]]
  name = "github.com/gogo/protobuf"
  packages = [
    "gogoproto",
    "proto",
    "protoc-gen-gogo/descriptor"
  ]
  revision = "636bf0302bc95575d69441b25a2603156ffdddf1"
  version = "v1.1.1"

[[projects]]
  name = "github.com/golang/protobuf"
  packages = [
    "proto",
    "protoc-gen-go/descriptor",
    "ptypes",
    "ptypes/any",
    "ptypes/duration",
    "ptypes/empty",
    "ptypes/struct",
    "ptypes/timestamp",
    "ptypes/wrappers"
  ]
  revision = "b4deda0973fb4c70b50d226b1af49f3da59f5265"
  version = "v1.1.0"

[[projects]]
  branch = "master"
  name = "github.com/golang/snappy"
  packages = ["."]
  revision = "2e65f85255dbc3072edf28d6b5b8efc472979f5a"

[[projects]]
  branch = "master"
  name = "github.com/google/btree"
  packages = ["."]
  revision = "e89373fe6b4a7413d7acd6da1725b83ef713e6e4"

[[projects]]
  name = "github.com/googleapis/gax-go"
  packages = ["."]
  revision = "317e0006254c44a0ac427cc52a0e083ff0b9622f"
  version = "v2.0.0"

[[projects]]
  branch = "master"
  name = "github.com/hailocab/go-hostpool"
  packages = ["."]
  revision = "e80d13ce29ede4452c43dea11e79b9bc8a15b478"

[[projects]]
  branch = "master"
  name = "github.com/hashicorp/go-immutable-radix"
  packages = ["."]
  revision = "7f3cd4390caab3250a57f30efdb2a65dd7649ecf"

[[projects]]
  branch = "master"
  name = "github.com/hashicorp/go-memdb"
  packages = ["."]
  revision = "1289e7fffe71d8fd4d4d491ba9a412c50f244c44"

[[projects]]
  branch = "master"
  name = "github.com/hashicorp/golang-lru"
  packages = ["simplelru"]
  revision = "0fb14efe8c47ae851c0034ed7a448854d3d34cf3"

[[projects]]
  name = "github.com/jmespath/go-jmespath"
  packages = ["."]
  revision = "3433f3ea46d9f8019119e7dd41274e112a2359a9"
  version = "0.2.2"

[[projects]]
  branch = "master"
  name = "github.com/jmoiron/sqlx"
  packages = [
    ".",
    "reflectx"
  ]
  revision = "0dae4fefe7c0e190f7b5a78dac28a1c82cc8d849"

[[projects]]
  name = "github.com/kr/pretty"
  packages = ["."]
  revision = "73f6ac0b30a98e433b289500d779f50c1a6f0712"
  version = "v0.1.0"

[[projects]]
  name = "github.com/kr/text"
  packages = ["."]
  revision = "e2ffdb16a802fe2bb95e2e35ff34f0e53aeef34f"
  version = "v0.1.0"

[[projects]]
  branch = "master"
  name = "github.com/leekchan/timeutil"
  packages = ["."]
  revision = "28917288c48df3d2c1cfe468c273e0b2adda0aa5"

[[projects]]
  branch = "master"
  name = "github.com/lytics/cloudstorage"
  packages = [
    ".",
    "csbufio",
    "google",
    "localfs"
  ]
  revision = "3646b62998f6b29468361fda2a7488767e8008d9"

[[projects]]
  branch = "master"
  name = "github.com/lytics/confl"
  packages = ["."]
  revision = "9b876add7d3ed837ff9750496dca8507dcf4d9f7"

[[projects]]
  branch = "master"
  name = "github.com/lytics/datemath"
  packages = ["."]
  revision = "3ada1c10b5debaa3a4e0d34a42060429de7cdf96"

[[projects]]
  branch = "master"
  name = "github.com/lytics/dfa"
  packages = ["."]
  revision = "63e35f788f7fa5203fcd2dcd7e318da5a1b981e5"

[[projects]]
  branch = "master"
  name = "github.com/lytics/go-lytics"
  packages = ["."]
  revision = "c0f04526e0f67775de29a2e259bf17d3f6c20866"

[[projects]]
  name = "github.com/lytics/grid"
  packages = [
    ".",
    "codec",
    "registry"
  ]
  revision = "9b6cb039dafc409946495792d7f10c526c2382d5"
  version = "v3.0.1"

[[projects]]
  branch = "master"
  name = "github.com/lytics/retry"
  packages = ["."]
  revision = "0757f0de03bfc61150e24a6619d87c4cd14e45e4"

[[projects]]
  branch = "master"
  name = "github.com/mattbaird/elastigo"
  packages = ["lib"]
  revision = "2fe47fd29e4b70353f852ede77a196830d2924ec"

[[projects]]
  branch = "master"
  name = "github.com/mb0/glob"
  packages = ["."]
  revision = "1eb79d2de6c448664e7272f8b9fe1938239e3aaa"

[[projects]]
  name = "github.com/mssola/user_agent"
  packages = ["."]
  revision = "85b2f5798558a46fc23443c596e781712f4b7792"
  version = "v0.4.1"

[[projects]]
  name = "github.com/pborman/uuid"
  packages = ["."]
  revision = "e790cca94e6cc75c7064b1332e63811d4aae1a53"
  version = "v1.1"

[[projects]]
  branch = "master"
  name = "github.com/petar/GoLLRB"
  packages = ["llrb"]
  revision = "53be0d36a84c2a886ca057d34b6aa4468df9ccb4"

[[projects]]
  name = "github.com/pmezard/go-difflib"
  packages = ["difflib"]
  revision = "792786c7400a136282c1664665ae0a8db921c6c2"
  version = "v1.0.0"

[[projects]]
  branch = "master"
  name = "github.com/sony/sonyflake"
  packages = ["."]
  revision = "fa881fb1052b152e977c41023052c2f2a1c475e9"

[[projects]]
  name = "github.com/stretchr/testify"
  packages = ["assert"]
  revision = "f35b8ab0b5a2cef36673838d662e249dd9c94686"
  version = "v1.2.2"

[[projects]]
  name = "go.opencensus.io"
  packages = [
    ".",
    "internal",
    "internal/tagencoding",
    "plugin/ocgrpc",
    "plugin/ochttp",
    "plugin/ochttp/propagation/b3",
    "stats",
    "stats/internal",
    "stats/view",
    "tag",
    "trace",
    "trace/internal",
    "trace/propagation"
  ]
  revision = "e262766cd0d230a1bb7c37281e345e465f19b41b"
  version = "v0.14.0"

[[projects]]
  branch = "master"
  name = "golang.org/x/net"
  packages = [
    "context",
    "context/ctxhttp",
    "http/httpguts",
    "http2",
    "http2/hpack",
    "idna",
    "internal/timeseries",
    "trace"
  ]
  revision = "f9ce57c11b242f0f1599cf25c89d8cb02c45295a"

[[projects]]
  branch = "master"
  name = "golang.org/x/oauth2"
  packages = [
    ".",
    "google",
    "internal",
    "jws",
    "jwt"
  ]
  revision = "3d292e4d0cdc3a0113e6d207bb137145ef1de42f"

[[projects]]
  branch = "master"
  name = "golang.org/x/sys"
  packages = ["unix"]
  revision = "f0d5e33068cb57c22a181f5df0ffda885309eb5a"

[[projects]]
  name = "golang.org/x/text"
  packages = [
    "collate",
    "collate/build",
    "internal/colltab",
    "internal/gen",
    "internal/tag",
    "internal/triegen",
    "internal/ucd",
    "language",
    "secure/bidirule",
    "transform",
    "unicode/bidi",
    "unicode/cldr",
    "unicode/norm",
    "unicode/rangetable"
  ]
  revision = "f21a4dfb5e38f5895301dc265a8def02365cc3d0"
  version = "v0.3.0"

[[projects]]
  branch = "master"
  name = "google.golang.org/api"
  packages = [
    "bigquery/v2",
    "cloudresourcemanager/v1",
    "gensupport",
    "googleapi",
    "googleapi/internal/uritemplates",
    "googleapi/transport",
    "internal",
    "iterator",
    "option",
    "storage/v1",
    "transport",
    "transport/grpc",
    "transport/http"
  ]
  revision = "d089d6ac97131b2ee652f2fe736865338659a668"

[[projects]]
  name = "google.golang.org/appengine"
  packages = [
    ".",
    "cloudsql",
    "internal",
    "internal/app_identity",
    "internal/base",
    "internal/datastore",
    "internal/log",
    "internal/modules",
    "internal/remote_api",
    "internal/socket",
    "internal/urlfetch",
    "socket",
    "urlfetch"
  ]
  revision = "b1f26356af11148e710935ed1ac8a7f5702c7612"
  version = "v1.1.0"

[[projects]]
  branch = "master"
  name = "google.golang.org/genproto"
  packages = [
    "googleapis/api/annotations",
    "googleapis/bigtable/admin/v2",
    "googleapis/bigtable/v2",
    "googleapis/datastore/v1",
    "googleapis/iam/v1",
    "googleapis/longrunning",
    "googleapis/rpc/code",
    "googleapis/rpc/status",
    "googleapis/type/latlng",
    "protobuf/field_mask"
  ]
  revision = "383e8b2c3b9e36c4076b235b32537292176bae20"

[[projects]]
  name = "google.golang.org/grpc"
  packages = [
    ".",
    "balancer",
    "balancer/base",
    "balancer/roundrobin",
    "codes",
    "connectivity",
    "credentials",
    "credentials/oauth",
    "encoding",
    "encoding/proto",
    "grpclog",
    "health/grpc_health_v1",
    "internal",
    "internal/backoff",
    "internal/channelz",
    "internal/envconfig",
    "internal/grpcrand",
    "internal/transport",
    "keepalive",
    "metadata",
    "naming",
    "peer",
    "resolver",
    "resolver/dns",
    "resolver/passthrough",
    "stats",
    "status",
    "tap"
  ]
  revision = "32fb0ac620c32ba40a4626ddf94d90d12cce3455"
  version = "v1.14.0"

[[projects]]
  name = "gopkg.in/inf.v0"
  packages = ["."]
  revision = "d2d2541c53f18d2a059457998ce2876cc8e67cbf"
  version = "v0.9.1"

[solve-meta]
  analyzer-name = "dep"
  analyzer-version = 1
  inputs-digest = "686aab6db9a1f80da5df68c5534737a4724d07e9d1cdc601a16137c5ca37b777"
  solver-name = "gps-cdcl"
  solver-version = 1
