# This file is autogenerated, do not edit; changes may be undone by the next 'dep ensure'.


[[projects]]
  name = "cloud.google.com/go"
  packages = [
    "bigquery",
    "bigtable",
    "bigtable/internal/gax",
    "bigtable/internal/option",
    "civil",
    "compute/metadata",
    "datastore",
    "iam",
    "internal",
    "internal/atomiccache",
    "internal/fields",
    "internal/optional",
    "internal/trace",
    "internal/version",
    "longrunning",
    "longrunning/autogen",
    "storage"
  ]
  revision = "29f476ffa9c4cd4fd14336b6043090ac1ad76733"
  version = "v0.21.0"

[[projects]]
  branch = "master"
  name = "github.com/araddon/dateparse"
  packages = ["."]
  revision = "4b079c6fdd8d7d3e224357566f278da3c159f441"

[[projects]]
  branch = "master"
  name = "github.com/araddon/gou"
  packages = ["."]
  revision = "fa458351e3d6a2ec9ab72f7ba4b94f68a941c0f3"

[[projects]]
  branch = "master"
  name = "github.com/araddon/qlbridge"
  packages = [
    "datasource",
    "datasource/files",
    "datasource/membtree",
    "datasource/memdb",
    "datasource/mockcsv",
    "datasource/mockcsvtestdata",
    "exec",
    "expr",
    "expr/builtins",
    "lex",
    "plan",
    "rel",
    "schema",
    "testutil",
    "value",
    "vm"
  ]
  revision = "47badfabaad439590551de10e00a74bbff933c45"

[[projects]]
  branch = "master"
  name = "github.com/bitly/go-hostpool"
  packages = ["."]
  revision = "a3a6125de9329587178a9792dc8f4bc98e620d2d"

[[projects]]
  name = "github.com/coreos/etcd"
  packages = [
    "auth/authpb",
    "clientv3",
    "etcdserver/api/v3rpc/rpctypes",
    "etcdserver/etcdserverpb",
    "mvcc/mvccpb",
    "pkg/types"
  ]
  revision = "fdde8705f5bf9a6d9dbfb0220caf2ee1ac816be8"
  version = "v3.3.4"

[[projects]]
  name = "github.com/davecgh/go-spew"
  packages = ["spew"]
  revision = "346938d642f2ec3594ed81d874461961cd0faa76"
  version = "v1.1.0"

[[projects]]
  name = "github.com/dchest/siphash"
  packages = ["."]
  revision = "4ebf1de738443ea7f45f02dc394c4df1942a126d"
  version = "v1.1.0"

[[projects]]
  branch = "master"
  name = "github.com/globalsign/mgo"
  packages = [
    ".",
    "bson",
    "internal/json",
    "internal/sasl",
    "internal/scram"
  ]
  revision = "efe0945164a7e582241f37ae8983c075f8f2e870"

[[projects]]
  name = "github.com/go-sql-driver/mysql"
  packages = ["."]
  revision = "a0583e0143b1624142adab07e0e97fe106d99561"
  version = "v1.3"

[[projects]]
  branch = "master"
  name = "github.com/gocql/gocql"
  packages = [
    ".",
    "internal/lru",
    "internal/murmur",
    "internal/streams"
  ]
  revision = "4ba1af8a026b230ce3c646e594865c07ce01b541"

[[projects]]
  name = "github.com/gogo/protobuf"
  packages = [
    "gogoproto",
    "proto",
    "protoc-gen-gogo/descriptor"
  ]
  revision = "1adfc126b41513cc696b209667c8656ea7aac67c"
  version = "v1.0.0"

[[projects]]
  name = "github.com/golang/protobuf"
  packages = [
    "proto",
    "protoc-gen-go/descriptor",
    "ptypes",
    "ptypes/any",
    "ptypes/duration",
    "ptypes/empty",
    "ptypes/struct",
    "ptypes/timestamp",
    "ptypes/wrappers"
  ]
  revision = "925541529c1fa6821df4e44ce2723319eb2be768"
  version = "v1.0.0"

[[projects]]
  branch = "master"
  name = "github.com/golang/snappy"
  packages = ["."]
  revision = "553a641470496b2327abcac10b36396bd98e45c9"

[[projects]]
  branch = "master"
  name = "github.com/google/btree"
  packages = ["."]
  revision = "e89373fe6b4a7413d7acd6da1725b83ef713e6e4"

[[projects]]
  name = "github.com/googleapis/gax-go"
  packages = ["."]
  revision = "317e0006254c44a0ac427cc52a0e083ff0b9622f"
  version = "v2.0.0"

[[projects]]
  branch = "master"
  name = "github.com/hailocab/go-hostpool"
  packages = ["."]
  revision = "e80d13ce29ede4452c43dea11e79b9bc8a15b478"

[[projects]]
  branch = "master"
  name = "github.com/hashicorp/go-immutable-radix"
  packages = ["."]
  revision = "7f3cd4390caab3250a57f30efdb2a65dd7649ecf"

[[projects]]
  branch = "master"
  name = "github.com/hashicorp/go-memdb"
  packages = ["."]
  revision = "1289e7fffe71d8fd4d4d491ba9a412c50f244c44"

[[projects]]
  branch = "master"
  name = "github.com/hashicorp/golang-lru"
  packages = ["simplelru"]
  revision = "0fb14efe8c47ae851c0034ed7a448854d3d34cf3"

[[projects]]
  name = "github.com/jmespath/go-jmespath"
  packages = ["."]
  revision = "3433f3ea46d9f8019119e7dd41274e112a2359a9"
  version = "0.2.2"

[[projects]]
  branch = "master"
  name = "github.com/jmoiron/sqlx"
  packages = [
    ".",
    "reflectx"
  ]
  revision = "2aeb6a910c2b94f2d5eb53d9895d80e27264ec41"

[[projects]]
  branch = "master"
  name = "github.com/kr/pretty"
  packages = ["."]
  revision = "cfb55aafdaf3ec08f0db22699ab822c50091b1c4"

[[projects]]
  branch = "master"
  name = "github.com/kr/text"
  packages = ["."]
  revision = "7cafcd837844e784b526369c9bce262804aebc60"

[[projects]]
  branch = "master"
  name = "github.com/leekchan/timeutil"
  packages = ["."]
  revision = "28917288c48df3d2c1cfe468c273e0b2adda0aa5"

[[projects]]
  branch = "master"
  name = "github.com/lytics/cloudstorage"
  packages = [
    ".",
    "csbufio",
    "google",
    "localfs"
  ]
  revision = "fffb08af5ed549e09aa1ab2837efbc4beb7415df"

[[projects]]
  branch = "master"
  name = "github.com/lytics/confl"
  packages = ["."]
  revision = "11840fa0e49ef91d2a7e0ab5445ded16bcfedade"

[[projects]]
  branch = "master"
  name = "github.com/lytics/datemath"
  packages = ["."]
  revision = "2c793e7cfff97be9feb3bfe3c249cb5a83842ebb"

[[projects]]
  branch = "master"
  name = "github.com/lytics/dfa"
  packages = ["."]
  revision = "63e35f788f7fa5203fcd2dcd7e318da5a1b981e5"

[[projects]]
  branch = "master"
  name = "github.com/lytics/go-lytics"
  packages = ["."]
  revision = "6b67e16c9874a59acdeea4aab6b4008dbe80e54e"

[[projects]]
  name = "github.com/lytics/grid"
  packages = [
    ".",
    "codec",
    "registry"
  ]
  revision = "96e9bfc4ddaefc784b47b19d2b8e137d856eb10e"
  version = "v3.0.0"

[[projects]]
  branch = "master"
  name = "github.com/lytics/retry"
  packages = ["."]
  revision = "0757f0de03bfc61150e24a6619d87c4cd14e45e4"

[[projects]]
  branch = "master"
  name = "github.com/mattbaird/elastigo"
  packages = ["lib"]
  revision = "2fe47fd29e4b70353f852ede77a196830d2924ec"

[[projects]]
  branch = "master"
  name = "github.com/mb0/glob"
  packages = ["."]
  revision = "1eb79d2de6c448664e7272f8b9fe1938239e3aaa"

[[projects]]
  name = "github.com/mssola/user_agent"
  packages = ["."]
  revision = "85b2f5798558a46fc23443c596e781712f4b7792"
  version = "v0.4.1"

[[projects]]
  name = "github.com/pborman/uuid"
  packages = ["."]
  revision = "e790cca94e6cc75c7064b1332e63811d4aae1a53"
  version = "v1.1"

[[projects]]
  branch = "master"
  name = "github.com/petar/GoLLRB"
  packages = ["llrb"]
  revision = "53be0d36a84c2a886ca057d34b6aa4468df9ccb4"

[[projects]]
  name = "github.com/pmezard/go-difflib"
  packages = ["difflib"]
  revision = "792786c7400a136282c1664665ae0a8db921c6c2"
  version = "v1.0.0"

[[projects]]
  branch = "master"
  name = "github.com/sony/sonyflake"
  packages = ["."]
  revision = "fa881fb1052b152e977c41023052c2f2a1c475e9"

[[projects]]
  name = "github.com/stretchr/testify"
  packages = ["assert"]
  revision = "12b6f73e6084dad08a7c6e575284b177ecafbc71"
  version = "v1.2.1"

[[projects]]
  name = "go.opencensus.io"
  packages = [
    "exporter/stackdriver/propagation",
    "internal",
    "internal/tagencoding",
    "plugin/ocgrpc",
    "plugin/ochttp",
    "plugin/ochttp/propagation/b3",
    "stats",
    "stats/internal",
    "stats/view",
    "tag",
    "trace",
    "trace/internal",
    "trace/propagation"
  ]
  revision = "0095aec66ae14801c6711210f6f0716411cefdd3"
  version = "v0.8.0"

[[projects]]
  branch = "master"
  name = "golang.org/x/net"
  packages = [
    "context",
    "context/ctxhttp",
    "http/httpguts",
    "http2",
    "http2/hpack",
    "idna",
    "internal/timeseries",
    "lex/httplex",
    "trace"
  ]
  revision = "5f9ae10d9af5b1c89ae6904293b14b064d4ada23"

[[projects]]
  branch = "master"
  name = "golang.org/x/oauth2"
  packages = [
    ".",
    "google",
    "internal",
    "jws",
    "jwt"
  ]
  revision = "6881fee410a5daf86371371f9ad451b95e168b71"

[[projects]]
  name = "golang.org/x/text"
  packages = [
    "collate",
    "collate/build",
    "internal/colltab",
    "internal/gen",
    "internal/tag",
    "internal/triegen",
    "internal/ucd",
    "language",
    "secure/bidirule",
    "transform",
    "unicode/bidi",
    "unicode/cldr",
    "unicode/norm",
    "unicode/rangetable"
  ]
  revision = "f21a4dfb5e38f5895301dc265a8def02365cc3d0"
  version = "v0.3.0"

[[projects]]
  branch = "master"
  name = "google.golang.org/api"
  packages = [
    "bigquery/v2",
    "cloudresourcemanager/v1",
    "gensupport",
    "googleapi",
    "googleapi/internal/uritemplates",
    "googleapi/transport",
    "internal",
    "iterator",
    "option",
    "storage/v1",
    "transport",
    "transport/grpc",
    "transport/http"
  ]
  revision = "a12439171c62991c8a4fd19686b7f4d6c8ecf850"

[[projects]]
  name = "google.golang.org/appengine"
  packages = [
    ".",
    "internal",
    "internal/app_identity",
    "internal/base",
    "internal/datastore",
    "internal/log",
    "internal/modules",
    "internal/remote_api",
    "internal/socket",
    "internal/urlfetch",
    "socket",
    "urlfetch"
  ]
  revision = "150dc57a1b433e64154302bdc40b6bb8aefa313a"
  version = "v1.0.0"

[[projects]]
  branch = "master"
  name = "google.golang.org/genproto"
  packages = [
    "googleapis/api/annotations",
    "googleapis/bigtable/admin/v2",
    "googleapis/bigtable/v2",
    "googleapis/datastore/v1",
    "googleapis/iam/v1",
    "googleapis/longrunning",
    "googleapis/rpc/code",
    "googleapis/rpc/status",
    "googleapis/type/latlng",
    "protobuf/field_mask"
  ]
  revision = "86e600f69ee4704c6efbf6a2a40a5c10700e76c2"

[[projects]]
  name = "google.golang.org/grpc"
  packages = [
    ".",
    "balancer",
    "balancer/base",
    "balancer/roundrobin",
    "codes",
    "connectivity",
    "credentials",
    "credentials/oauth",
    "encoding",
    "encoding/proto",
    "grpclb/grpc_lb_v1/messages",
    "grpclog",
    "health/grpc_health_v1",
    "internal",
    "keepalive",
    "metadata",
    "naming",
    "peer",
    "resolver",
    "resolver/dns",
    "resolver/passthrough",
    "stats",
    "status",
    "tap",
    "transport"
  ]
  revision = "d11072e7ca9811b1100b80ca0269ac831f06d024"
  version = "v1.11.3"

[[projects]]
  name = "gopkg.in/inf.v0"
  packages = ["."]
  revision = "d2d2541c53f18d2a059457998ce2876cc8e67cbf"
  version = "v0.9.1"

[solve-meta]
  analyzer-name = "dep"
  analyzer-version = 1
  inputs-digest = "8d1653446f36b4e19adc161744b817d64277b1175220e079a4e910be47036ec0"
  solver-name = "gps-cdcl"
  solver-version = 1
